# THIS IS AN AUTOGENERATED FILE. DO NOT EDIT THIS FILE DIRECTLY.
assets/ajax-loader.gif:
  development: 2018-06-14T05:22:08+01:00   deca8b0ecd6974227d157b6d7068995d
assets/custom.scss.liquid:
  development: 2018-07-19T01:39:58+01:00   eefa886fcc93ee4fdcea0bbbc0392143
assets/gift-card.js:
  development: 2018-06-14T05:22:08+01:00   c73df2ee57cc9eb577f7a1858063495d
assets/gift-card.scss.liquid:
  development: 2018-06-07T15:28:57+01:00   92126c014f1e6117ea9b97b4c00c4af3
assets/ico-select.svg.liquid:
  development: 2018-06-14T05:22:08+01:00   087b0a8654b4e8b2c203cfa17204b849
assets/lazysizes.js:
  development: 2018-06-07T15:28:57+01:00   a27b15d827d7a26f9fa58fb6b4f9d4b6
assets/lazysizes.min.js:
  development: 2018-06-14T05:22:08+01:00   f05bbc6e1c8ffb06055dc81d0cb5f2ee
assets/macwear_customiser_app.js:
  development: 2018-08-31T03:27:48+01:00   eb7a6812de0c7ede543767388332c525
assets/match-media.min.js:
  development: 2018-06-07T15:28:58+01:00   d0bf06c458a236dcca39b3be8cf80ec5
assets/password.js:
  development: 2018-06-07T15:28:58+01:00   e46783cdfaabc1b669e6aec104bf120e
assets/theme.js:
  development: 2018-06-14T05:22:08+01:00   ceb087c3fd18ed9b540b5bb6b8bca1f7
assets/theme.scss.liquid:
  development: 2018-06-14T05:22:08+01:00   28bfe5939ea2b58e0ad8e88a0975fe33
assets/vendor.js:
  development: 2018-06-14T05:22:08+01:00   06b4f8919f55c188d4cd230c1d62a849
config/settings_data.json:
  development: 2018-08-31T06:00:04+01:00   84b1bb430d4c9376d8afaba0b6976a8e
config/settings_schema.json:
  development: 2018-06-14T05:22:13+01:00   a4209db5f785396dd5ae4fda386a85ca
layout/gift_card.liquid:
  development: 2018-06-07T15:28:58+01:00   cf060607763db717a273bdf367f38403
layout/password.liquid:
  development: 2018-06-14T05:22:08+01:00   837ecffff7da234750c279c1d244a3ac
layout/theme.liquid:
  development: 2018-06-14T06:18:42+01:00   913097be709d7663cef427808f260196
locales/de.json:
  development: 2018-06-14T05:22:09+01:00   39fa127be1465ea3c1f4d7b5ca6d38a0
locales/en.default.json:
  development: 2018-06-14T05:22:09+01:00   fa4041467676f661724cc43f57f28b42
locales/es.json:
  development: 2018-06-14T05:22:09+01:00   4212652811e418fb6f0f4a7e35610c8a
locales/fr.json:
  development: 2018-06-14T05:22:09+01:00   44487f419efa2d0e76ac8a6b27243341
locales/it.json:
  development: 2018-06-14T05:22:09+01:00   3b201141e129890ef1656253e9a0174a
locales/ja.json:
  development: 2018-06-14T05:22:09+01:00   f9ec42fc08f011723dde25a449757c80
locales/pt-BR.json:
  development: 2018-06-14T05:22:09+01:00   f80ed716f6cb7fc15d534dff61e06ba0
locales/pt-PT.json:
  development: 2018-06-14T05:22:09+01:00   929d7190c9b27163e486bbf9b596af3c
sections/advanced-content.liquid:
  development: 2018-06-14T05:22:06+01:00   f6d72ffacd166e808ebebad43d0f9d16
sections/article-content.liquid:
  development: 2018-06-14T05:22:06+01:00   5bbd7d5b05162be2cb76973e2649a7a8
sections/article-template.liquid:
  development: 2018-06-07T15:28:56+01:00   ccfd28597ea1b8927b03262a3a1f248b
sections/blog-template.liquid:
  development: 2018-06-07T15:28:56+01:00   b271843a318751c33bb4804eee7c1479
sections/brand-list.liquid:
  development: 2018-06-14T05:22:06+01:00   4518b726c27e1a0f1da692d4dc7c8fe2
sections/cart-template.liquid:
  development: 2018-08-31T04:48:59+01:00   e53e22a29c64400429d24aa2eebaff0b
sections/collection-filters.liquid:
  development: 2018-06-14T05:22:06+01:00   e78207380912cd6931f18b91da4bf201
sections/collection-list.liquid:
  development: 2018-06-07T15:28:56+01:00   52e8d8f67436376a7898e66e01e3093a
sections/collection-template.liquid:
  development: 2018-06-07T15:28:56+01:00   bba2a799dc4c403260f266457c56600b
sections/collection.liquid:
  development: 2018-06-07T15:28:56+01:00   b6e2791600c91af814b18470e40336a6
sections/columns.liquid:
  development: 2018-06-14T05:22:06+01:00   8f0f9b2adc8def8de1a4aa239af44d4b
sections/custom-content.liquid:
  development: 2018-06-07T15:28:56+01:00   509ef78ee4a71d38c001e6326f729238
sections/feature-columns.liquid:
  development: 2018-06-07T15:28:56+01:00   b875de4a1b8756948b6875543844a7c7
sections/feature-row.liquid:
  development: 2018-06-07T15:28:56+01:00   0956bba8208fce7fa4cd8fc7a6ef0b0f
sections/featured-articles.liquid:
  development: 2018-06-14T05:22:06+01:00   4315228e22645b5d5284f5ee22adb6c8
sections/featured-blog.liquid:
  development: 2018-06-07T15:28:56+01:00   934bea390cfae4ebbbcc67a5a1b6ba8a
sections/featured-collections.liquid:
  development: 2018-06-14T05:22:06+01:00   80b7ab39d25fd2b60afc2577f079d5d8
sections/featured-content.liquid:
  development: 2018-06-14T05:22:06+01:00   798ea3cee7b62f73c50c19fa7d1a794d
sections/featured-product.liquid:
  development: 2018-06-14T05:22:06+01:00   c114e7e818e678f71e6b072b387bf0b2
sections/featured-products-subsection.liquid:
  development: 2018-06-14T05:22:06+01:00   7f5a3fbf812d95d2cf649c51c36ad7f4
sections/featured-products.liquid:
  development: 2018-06-14T05:22:06+01:00   b92c7ea0b3f78b211469dd5d001fa1a2
sections/footer.liquid:
  development: 2018-06-14T06:20:39+01:00   6abe2815a8b3b99bb5d33846071af7b5
sections/gallery.liquid:
  development: 2018-06-14T05:22:07+01:00   d046c94032b4a0923dfe0c0fc8d62e16
sections/header.liquid:
  development: 2018-06-14T05:22:07+01:00   8a383b3fdf110cc75be8634048c271c2
sections/hero.liquid:
  development: 2018-06-09T02:39:57+01:00   b75948d15b81b97297a923bc6ed33fc4
sections/image-bar.liquid:
  development: 2018-06-07T15:28:57+01:00   7b00dff3ab435ef3a663a146cf6c3649
sections/image-content.liquid:
  development: 2018-06-14T05:22:07+01:00   2681cdab24da7c45db296754f9db190a
sections/link-block.liquid:
  development: 2018-06-14T05:22:07+01:00   68cf49dbb1086fbf1863a11127abd4b5
sections/list-collections-template.liquid:
  development: 2018-06-14T05:22:07+01:00   51b7c79c9155352ac226ba1e28a84997
sections/logo-bar.liquid:
  development: 2018-06-07T15:28:57+01:00   9068a436bb57d2e788194ed01ef9ebe2
sections/map.liquid:
  development: 2018-06-14T05:22:07+01:00   c09adf1fcd770347e382144818b6256a
sections/newsletter.liquid:
  development: 2018-06-14T05:22:07+01:00   4d10208fd9aea5cf48bf6b80d9045d47
sections/password-content.liquid:
  development: 2018-06-14T05:22:07+01:00   b49412e35f872bcdaeed8eee74f6031c
sections/password-footer.liquid:
  development: 2018-06-15T12:56:07+01:00   5c885d8783d06af88d5e779266803c13
sections/password-header.liquid:
  development: 2018-06-14T05:22:07+01:00   f0d01f9592a3dadc07c9bd3d0126a9f1
sections/product-template.liquid:
  development: 2018-07-19T01:55:49+01:00   729d67d9ad60be022e4fece5695f6b88
sections/quotes.liquid:
  development: 2018-06-14T05:22:07+01:00   06675b8607dfebed53e905f63231ebe7
sections/rich-text.liquid:
  development: 2018-06-14T05:22:07+01:00   356cd2d71b54734319fdcd3d25516356
sections/search.liquid:
  development: 2018-06-14T05:22:07+01:00   0f46aa5727faf9ebc73f48b0992f6ca4
sections/slideshow.liquid:
  development: 2018-06-14T05:22:08+01:00   61a2aa37bb8f299995d5e2799162cbd6
sections/video.liquid:
  development: 2018-06-14T05:22:08+01:00   d56de0e6706b7e24e339809b317b2e02
snippets/bgset.liquid:
  development: 2018-06-14T05:22:09+01:00   33148dfd129ac7339b20fa9792a6bf85
snippets/collection-grid-item.liquid:
  development: 2018-06-14T05:22:09+01:00   d41db57c382d06b36b39b9f6d14748ac
snippets/collection-list-item.liquid:
  development: 2018-06-14T05:22:09+01:00   fc2458fe5e90d5c1d22ba3ebdad911d2
snippets/comment.liquid:
  development: 2018-06-14T05:22:09+01:00   6b47f2a5d6a07494ad7de1ce9997c9d9
snippets/drawer-nav.liquid:
  development: 2018-06-14T05:22:09+01:00   70f540496d86468411e6c7bc440dadc5
snippets/icon-amazon_payments.liquid:
  development: 2018-06-14T05:22:09+01:00   f1ad8ba26dd5b98117703ede5357e408
snippets/icon-american_express.liquid:
  development: 2018-06-14T05:22:09+01:00   ffa58442d17d73d2bef88399019993f3
snippets/icon-apple_pay.liquid:
  development: 2018-06-14T05:22:09+01:00   e82e7acc46479ea2173926f8fad55db0
snippets/icon-arrow-down.liquid:
  development: 2018-06-14T05:22:09+01:00   f8fd3b896d90388f5aae1c93e2a77da2
snippets/icon-arrow-left.liquid:
  development: 2018-06-14T05:22:09+01:00   12c9b68124cea15ee7cc558709ac77d3
snippets/icon-arrow-right.liquid:
  development: 2018-06-14T05:22:09+01:00   177e0020103e51e3acaed4a594b50c73
snippets/icon-arrow-thin-left.liquid:
  development: 2018-06-14T05:22:10+01:00   830b0d9386051e86d9ffd8c40ffbf770
snippets/icon-arrow-thin-right.liquid:
  development: 2018-06-14T05:22:10+01:00   ed15229bb90da50583977bc3148cd58b
snippets/icon-arrow-up.liquid:
  development: 2018-06-14T05:22:10+01:00   0e1e498f1d507716eaf8e877bd4efeeb
snippets/icon-bag.liquid:
  development: 2018-06-14T05:22:10+01:00   dd18ce7e32cb074f12d064104d9369d5
snippets/icon-bitcoin.liquid:
  development: 2018-06-14T05:22:10+01:00   e9a7e7de915fc7df29a835dfe2de385d
snippets/icon-cart.liquid:
  development: 2018-06-14T05:22:10+01:00   f95451ec8a45aa2c1da6d4cb6b0c855e
snippets/icon-chevron-down.liquid:
  development: 2018-06-07T15:28:58+01:00   7d3a8cd08370aa9d2a88ae542446a181
snippets/icon-chevron-left.liquid:
  development: 2018-06-07T15:28:58+01:00   6290d56c32e8ac47abe4a4f4d90ed032
snippets/icon-chevron-right.liquid:
  development: 2018-06-07T15:28:58+01:00   41842e53e7b826a0d260e2ccffbfdab1
snippets/icon-chevron-up.liquid:
  development: 2018-06-07T15:28:58+01:00   4df1e02c8789418fc53d48e2913daf49
snippets/icon-cirrus.liquid:
  development: 2018-06-14T05:22:10+01:00   2e2e16ec6f0603de157992dc61a50657
snippets/icon-close.liquid:
  development: 2018-06-14T05:22:10+01:00   96d324f98248ed2430c30836e89c79b8
snippets/icon-dankort.liquid:
  development: 2018-06-14T05:22:10+01:00   3e3795e8c72afb70ff83fe0699814925
snippets/icon-diners_club.liquid:
  development: 2018-06-14T05:22:10+01:00   fa88936febf9c082201530c0c69cd699
snippets/icon-discover.liquid:
  development: 2018-06-14T05:22:10+01:00   2af236ff5c056aaada8d735cf50db46c
snippets/icon-dogecoin.liquid:
  development: 2018-06-14T05:22:10+01:00   6a35f5db9eb93d1ed563c6989ff30798
snippets/icon-dwolla.liquid:
  development: 2018-06-14T05:22:10+01:00   aeb86f67aad84adaf7635d2043cb89a9
snippets/icon-facebook.liquid:
  development: 2018-06-14T05:22:10+01:00   1f4ee2d25e4ae01fbd0591cf92b1bdb6
snippets/icon-forbrugsforeningen.liquid:
  development: 2018-06-14T05:22:10+01:00   ff962a94f23046340766c215b0f14a52
snippets/icon-google_pay.liquid:
  development: 2018-06-14T05:22:10+01:00   b66e7e8ec5851e74bcbd8fda45ef1a5a
snippets/icon-hamburger.liquid:
  development: 2018-06-14T05:22:10+01:00   c429f6a0db27bb76a5bfd0d1c422ab53
snippets/icon-instagram.liquid:
  development: 2018-06-14T05:22:10+01:00   bf50214819f6e2a5f053593e2414526d
snippets/icon-interac.liquid:
  development: 2018-06-14T05:22:10+01:00   d1ec7589f8f9befedd935603e2380489
snippets/icon-jcb.liquid:
  development: 2018-06-14T05:22:10+01:00   4bc8d7390f04bd32042e2cd80e44bb5a
snippets/icon-klarna.liquid:
  development: 2018-06-14T05:22:11+01:00   9faa80c27e5612a01f9f0f9fc3ad3d6f
snippets/icon-laser.liquid:
  development: 2018-06-07T15:28:59+01:00   bd1a0ecfe958b6a6e84bf80e0669a6da
snippets/icon-litecoin.liquid:
  development: 2018-06-14T05:22:11+01:00   051dfcb36fa17b532a087b12f0a49e0e
snippets/icon-lock.liquid:
  development: 2018-06-14T05:22:11+01:00   60ae7ba03d14efa582faed8855821a58
snippets/icon-login.liquid:
  development: 2018-06-07T15:28:59+01:00   9a74bdaac402576390ca1dbdc9e7869c
snippets/icon-maestro.liquid:
  development: 2018-06-14T05:22:11+01:00   b987e558ecad607661489939ec8ca524
snippets/icon-master.liquid:
  development: 2018-06-14T05:22:11+01:00   7be93970b63c2fd0e2b319a35c00a9d7
snippets/icon-minus.liquid:
  development: 2018-06-14T05:22:11+01:00   d67c918f4271ac3e2b3689a1c66cd324
snippets/icon-pause.liquid:
  development: 2018-06-14T05:22:11+01:00   99e785a63af3ab0a7ccd9c5551ea8910
snippets/icon-paypal.liquid:
  development: 2018-06-14T05:22:11+01:00   576f8465d6e1a5c003bc42deb4b2c09a
snippets/icon-pin.liquid:
  development: 2018-06-14T05:22:11+01:00   694162388571d6142ec30bc299d8ac91
snippets/icon-pinterest.liquid:
  development: 2018-06-14T05:22:11+01:00   d0f6a3f3842d8782a7beec9e7422a4d4
snippets/icon-play-video.liquid:
  development: 2018-06-07T15:28:59+01:00   f0b736a271f33b83b319b2d04e61aa2b
snippets/icon-play.liquid:
  development: 2018-06-14T05:22:11+01:00   31ff2901a9fd0f32ebc4c05748e7aa5d
snippets/icon-plus.liquid:
  development: 2018-06-14T05:22:11+01:00   59271dc8b74871a9af77d3ac0ac839da
snippets/icon-quote.liquid:
  development: 2018-06-14T05:22:11+01:00   e710949f7a142dfc3c4fac15c33bb2fa
snippets/icon-rss.liquid:
  development: 2018-06-14T05:22:11+01:00   e44945385279f30693ad10bf7647770a
snippets/icon-search.liquid:
  development: 2018-06-14T05:22:11+01:00   365615febc89c876686a0b15e515fb62
snippets/icon-shopify-logo.liquid:
  development: 2018-06-14T05:22:11+01:00   3f0b70f9e01be5b25507d25a732ecde7
snippets/icon-shopify_pay.liquid:
  development: 2018-06-14T05:22:11+01:00   0af2d9a3a7f1b14dfc11f8e4b9746c2d
snippets/icon-snapchat.liquid:
  development: 2018-06-14T05:22:11+01:00   9ed6937e3232c9034976be2b8ed9f673
snippets/icon-stripe.liquid:
  development: 2018-06-14T05:22:11+01:00   e79ac5f1ff57e03a49c805105ffc5756
snippets/icon-tumblr.liquid:
  development: 2018-06-14T05:22:11+01:00   95b170823ba66888266df40855dcf6ca
snippets/icon-twitter.liquid:
  development: 2018-06-14T05:22:11+01:00   15da0c480346e2782bd2288113e76e00
snippets/icon-vimeo.liquid:
  development: 2018-06-14T05:22:11+01:00   d05774570a73a039e16e6be0411449ab
snippets/icon-visa.liquid:
  development: 2018-06-14T05:22:12+01:00   9f864f065156d1820e794adbd3f1ffd0
snippets/icon-youtube.liquid:
  development: 2018-06-14T05:22:12+01:00   7b566c0e9843640150d456430a74ff74
snippets/image-style.liquid:
  development: 2018-06-07T15:28:59+01:00   2d807ad1f4831d306d8e190b89d45c00
snippets/macwear-customiser.liquid:
  development: 2018-06-15T15:27:31+01:00   591ba6430ebd67b0f8949a5e6f357227
snippets/no-blocks.liquid:
  development: 2018-06-14T05:22:12+01:00   0cb7d758b6df0feb07ae5804b4b627fa
snippets/pagination.liquid:
  development: 2018-06-07T15:28:59+01:00   f1bed42e00217d26e9e639ff2ecdbb30
snippets/product-card-grid.liquid:
  development: 2018-06-07T15:28:59+01:00   f11eac13278df29392923bbfc8fb9610
snippets/product-card-list.liquid:
  development: 2018-06-07T15:28:59+01:00   a66f3cbd9633bfaf5a4db7a83f2eacf1
snippets/product-card.liquid:
  development: 2018-06-14T05:22:12+01:00   83042f89377ecd9e55f0f3ae532a1bc6
snippets/product-price.liquid:
  development: 2018-06-07T15:28:59+01:00   341fd7830f98013dbd0c30ac14b54226
snippets/search-form.liquid:
  development: 2018-06-07T15:28:59+01:00   28a50f2542fd28c27fd3eb50ae816c46
snippets/site-nav.liquid:
  development: 2018-06-14T05:22:12+01:00   4e712ee85c1df59fc45291b861f7d851
snippets/social-meta-tags.liquid:
  development: 2018-06-14T05:22:12+01:00   ae9e213401623b2601abf0ace8e21537
snippets/social-sharing.liquid:
  development: 2018-06-14T05:22:12+01:00   faefcb8d384a0333413f164a44f8ff87
snippets/swatch.liquid:
  development: 2018-06-14T04:55:14+01:00   d96aca251fce0e07853ec35e14e4f1e9
templates/404.liquid:
  development: 2018-06-14T05:22:12+01:00   c5a602ed831884857d6ba432990c1c65
templates/article.liquid:
  development: 2018-06-14T05:22:12+01:00   891031ed819f5123c2d25d4fb9b2cabb
templates/blog.liquid:
  development: 2018-06-14T05:22:12+01:00   f8b950927883483c443f392bc47fa052
templates/cart.liquid:
  development: 2018-06-14T05:22:12+01:00   bba3c715f8c51f0520b3bd1a49ca90dc
templates/collection.liquid:
  development: 2018-06-14T05:22:12+01:00   f6ee1dee849f3e7be704c9349c3464d7
templates/customers/account.liquid:
  development: 2018-06-14T05:22:12+01:00   460919f09e3e2676f66cda1cadf90924
templates/customers/activate_account.liquid:
  development: 2018-06-14T05:22:12+01:00   f36eddc94f148aee6a9b1d6387ff4b95
templates/customers/addresses.liquid:
  development: 2018-06-14T05:22:12+01:00   4aaaa23d0e2b63775b5647a57985e6ae
templates/customers/login.liquid:
  development: 2018-06-14T05:22:12+01:00   8d86911b000ae9467d803bac917d0cd8
templates/customers/order.liquid:
  development: 2018-06-14T05:22:12+01:00   24dee42aeabd5551803c278fc426770d
templates/customers/register.liquid:
  development: 2018-06-14T05:22:12+01:00   bfb55d672848fd97d6c72b8ed9abcfb3
templates/customers/reset_password.liquid:
  development: 2018-06-14T05:22:12+01:00   73f390cd1d27f0e95d5674c2fcba2e0d
templates/gift_card.liquid:
  development: 2018-06-14T05:22:12+01:00   5cb34b586f754a5cbec184a4f50e02a3
templates/index.liquid:
  development: 2018-06-14T05:22:12+01:00   b2a0a05382c135215e50a0042c0f7cb7
templates/list-collections.liquid:
  development: 2018-06-14T05:22:12+01:00   d42f6d6957169811896f646709d353d9
templates/page.contact.liquid:
  development: 2018-06-14T05:22:12+01:00   bc3a82270aae7ee5346e3df9c0047bf1
templates/page.liquid:
  development: 2018-06-14T05:22:13+01:00   d5bd4d5e9e86da6be06d093763c42473
templates/password.liquid:
  development: 2018-06-14T05:22:13+01:00   1e6018925cf530d009aa332c4553411e
templates/product.MacwearCustomiser.liquid:
  development: 2018-06-15T15:09:37+01:00   1e918dccf8b99e3d52ac988be4ef2868
templates/product.liquid:
  development: 2018-06-14T05:22:13+01:00   a07bea1b2ca45140cb2a22a8c3c77b84
templates/search.liquid:
  development: 2018-06-14T05:22:13+01:00   b1b2d329b8586246b627c8cec17f24ab
